
Microsoft Visual Studio Solution File, Format Version 12.00
# Visual Studio 15
VisualStudioVersion = 15.0.27703.2042
MinimumVisualStudioVersion = 10.0.40219.1
Project("{FAE04EC0-301F-11D3-BF4B-00C04F79EFBC}") = "XYZschool", "XYZschool\XYZschool.csproj", "{8144327B-ED27-4EDD-87DC-7B5E013FD678}"
EndProject
Global
	GlobalSection(SolutionConfigurationPlatforms) = preSolution
		Debug|Any CPU = Debug|Any CPU
		Release|Any CPU = Release|Any CPU
	EndGlobalSection
	GlobalSection(ProjectConfigurationPlatforms) = postSolution
		{8144327B-ED27-4EDD-87DC-7B5E013FD678}.Debug|Any CPU.ActiveCfg = Debug|Any CPU
		{8144327B-ED27-4EDD-87DC-7B5E013FD678}.Debug|Any CPU.Build.0 = Debug|Any CPU
		{8144327B-ED27-4EDD-87DC-7B5E013FD678}.Release|Any CPU.ActiveCfg = Release|Any CPU
		{8144327B-ED27-4EDD-87DC-7B5E013FD678}.Release|Any CPU.Build.0 = Release|Any CPU
	EndGlobalSection
	GlobalSection(SolutionProperties) = preSolution
		HideSolutionNode = FALSE
	EndGlobalSection
	GlobalSection(ExtensibilityGlobals) = postSolution
		SolutionGuid = {513B9669-C4D4-4AA0-A619-A15EDCCE41DB}
	EndGlobalSection
EndGlobal
